{
  "nodes": {
    "nixpkgs": {
      "locked": {
        "lastModified": 1651450933,
        "narHash": "sha256-jNdwlsdZdcWDxEMc06JOshWvMjTAfNPoZFUwhwXLjTg=",
        "owner": "NixOS",
        "repo": "nixpkgs",
        "rev": "43d7b5760b5a2be67818b9e28519fe263841a6ef",
        "type": "github"
      },
      "original": {
        "owner": "NixOS",
        "repo": "nixpkgs",
        "type": "github"
      }
    },
    "root": {
      "inputs": {
        "nixpkgs": "nixpkgs"
      }
    }
  },
  "root": "root",
  "version": 7
}
